// !$*UTF8*$!
{
	archiveVersion = 1;
	classes = {
	};
	objectVersion = 46;
	objects = {

/* Begin PBXBuildFile section */
		A0C30D2C1757455F00CEB819 /* UIKit.framework in Frameworks */ = {isa = PBXBuildFile; fileRef = A0C30D2B1757455F00CEB819 /* UIKit.framework */; };
		A0C30D2E1757455F00CEB819 /* Foundation.framework in Frameworks */ = {isa = PBXBuildFile; fileRef = A0C30D2D1757455F00CEB819 /* Foundation.framework */; };
		A0C30D301757455F00CEB819 /* CoreGraphics.framework in Frameworks */ = {isa = PBXBuildFile; fileRef = A0C30D2F1757455F00CEB819 /* CoreGraphics.framework */; };
		A0C30D361757455F00CEB819 /* InfoPlist.strings in Resources */ = {isa = PBXBuildFile; fileRef = A0C30D341757455F00CEB819 /* InfoPlist.strings */; };
		A0C30D381757455F00CEB819 /* main.m in Sources */ = {isa = PBXBuildFile; fileRef = A0C30D371757455F00CEB819 /* main.m */; };
		A0C30D3C1757455F00CEB819 /* AppDelegate.m in Sources */ = {isa = PBXBuildFile; fileRef = A0C30D3B1757455F00CEB819 /* AppDelegate.m */; };
		A0C30D3E1757455F00CEB819 /* Default.png in Resources */ = {isa = PBXBuildFile; fileRef = A0C30D3D1757455F00CEB819 /* Default.png */; };
		A0C30D401757455F00CEB819 /* Default@2x.png in Resources */ = {isa = PBXBuildFile; fileRef = A0C30D3F1757455F00CEB819 /* Default@2x.png */; };
		A0C30D421757455F00CEB819 /* Default-568h@2x.png in Resources */ = {isa = PBXBuildFile; fileRef = A0C30D411757455F00CEB819 /* Default-568h@2x.png */; };
		A0C30D451757455F00CEB819 /* ViewController.m in Sources */ = {isa = PBXBuildFile; fileRef = A0C30D441757455F00CEB819 /* ViewController.m */; };
		A0C30D481757455F00CEB819 /* ViewController.xib in Resources */ = {isa = PBXBuildFile; fileRef = A0C30D461757455F00CEB819 /* ViewController.xib */; };
/* End PBXBuildFile section */

/* Begin PBXFileReference section */
		A0C30D271757455F00CEB819 /* cater.app */ = {isa = PBXFileReference; explicitFileType = wrapper.application; includeInIndex = 0; path = cater.app; sourceTree = BUILT_PRODUCTS_DIR; };
		A0C30D2B1757455F00CEB819 /* UIKit.framework */ = {isa = PBXFileReference; lastKnownFileType = wrapper.framework; name = UIKit.framework; path = System/Library/Frameworks/UIKit.framework; sourceTree = SDKROOT; };
		A0C30D2D1757455F00CEB819 /* Foundation.framework */ = {isa = PBXFileReference; lastKnownFileType = wrapper.framework; name = Foundation.framework; path = System/Library/Frameworks/Foundation.framework; sourceTree = SDKROOT; };
		A0C30D2F1757455F00CEB819 /* CoreGraphics.framework */ = {isa = PBXFileReference; lastKnownFileType = wrapper.framework; name = CoreGraphics.framework; path = System/Library/Frameworks/CoreGraphics.framework; sourceTree = SDKROOT; };
		A0C30D331757455F00CEB819 /* cater-Info.plist */ = {isa = PBXFileReference; lastKnownFileType = text.plist.xml; path = "cater-Info.plist"; sourceTree = "<group>"; };
		A0C30D351757455F00CEB819 /* en */ = {isa = PBXFileReference; lastKnownFileType = text.plist.strings; name = en; path = en.lproj/InfoPlist.strings; sourceTree = "<group>"; };
		A0C30D371757455F00CEB819 /* main.m */ = {isa = PBXFileReference; lastKnownFileType = sourcecode.c.objc; path = main.m; sourceTree = "<group>"; };
		A0C30D391757455F00CEB819 /* cater-Prefix.pch */ = {isa = PBXFileReference; lastKnownFileType = sourcecode.c.h; path = "cater-Prefix.pch"; sourceTree = "<group>"; };
		A0C30D3A1757455F00CEB819 /* AppDelegate.h */ = {isa = PBXFileReference; lastKnownFileType = sourcecode.c.h; path = AppDelegate.h; sourceTree = "<group>"; };
		A0C30D3B1757455F00CEB819 /* AppDelegate.m */ = {isa = PBXFileReference; lastKnownFileType = sourcecode.c.objc; path = AppDelegate.m; sourceTree = "<group>"; };
		A0C30D3D1757455F00CEB819 /* Default.png */ = {isa = PBXFileReference; lastKnownFileType = image.png; path = Default.png; sourceTree = "<group>"; };
		A0C30D3F1757455F00CEB819 /* Default@2x.png */ = {isa = PBXFileReference; lastKnownFileType = image.png; path = "Default@2x.png"; sourceTree = "<group>"; };
		A0C30D411757455F00CEB819 /* Default-568h@2x.png */ = {isa = PBXFileReference; lastKnownFileType = image.png; path = "Default-568h@2x.png"; sourceTree = "<group>"; };
		A0C30D431757455F00CEB819 /* ViewController.h */ = {isa = PBXFileReference; lastKnownFileType = sourcecode.c.h; path = ViewController.h; sourceTree = "<group>"; };
		A0C30D441757455F00CEB819 /* ViewController.m */ = {isa = PBXFileReference; lastKnownFileType = sourcecode.c.objc; path = ViewController.m; sourceTree = "<group>"; };
		A0C30D471757455F00CEB819 /* en */ = {isa = PBXFileReference; lastKnownFileType = file.xib; name = en; path = en.lproj/ViewController.xib; sourceTree = "<group>"; };
/* End PBXFileReference section */

/* Begin PBXFrameworksBuildPhase section */
		A0C30D241757455F00CEB819 /* Frameworks */ = {
			isa = PBXFrameworksBuildPhase;
			buildActionMask = 2147483647;
			files = (
				A0C30D2C1757455F00CEB819 /* UIKit.framework in Frameworks */,
				A0C30D2E1757455F00CEB819 /* Foundation.framework in Frameworks */,
				A0C30D301757455F00CEB819 /* CoreGraphics.framework in Frameworks */,
			);
			runOnlyForDeploymentPostprocessing = 0;
		};
/* End PBXFrameworksBuildPhase section */

/* Begin PBXGroup section */
		A0C30D1C1757455F00CEB819 = {
			isa = PBXGroup;
			children = (
				A0C30D311757455F00CEB819 /* cater */,
				A0C30D2A1757455F00CEB819 /* Frameworks */,
				A0C30D281757455F00CEB819 /* Products */,
			);
			sourceTree = "<group>";
		};
		A0C30D281757455F00CEB819 /* Products */ = {
			isa = PBXGroup;
			children = (
				A0C30D271757455F00CEB819 /* cater.app */,
			);
			name = Products;
			sourceTree = "<group>";
		};
		A0C30D2A1757455F00CEB819 /* Frameworks */ = {
			isa = PBXGroup;
			children = (
				A0C30D2B1757455F00CEB819 /* UIKit.framework */,
				A0C30D2D1757455F00CEB819 /* Foundation.framework */,
				A0C30D2F1757455F00CEB819 /* CoreGraphics.framework */,
			);
			name = Frameworks;
			sourceTree = "<group>";
		};
		A0C30D311757455F00CEB819 /* cater */ = {
			isa = PBXGroup;
			children = (
				A0C30D3A1757455F00CEB819 /* AppDelegate.h */,
				A0C30D3B1757455F00CEB819 /* AppDelegate.m */,
				A0C30D431757455F00CEB819 /* ViewController.h */,
				A0C30D441757455F00CEB819 /* ViewController.m */,
				A0C30D461757455F00CEB819 /* ViewController.xib */,
				A0C30D321757455F00CEB819 /* Supporting Files */,
			);
			path = cater;
			sourceTree = "<group>";
		};
		A0C30D321757455F00CEB819 /* Supporting Files */ = {
			isa = PBXGroup;
			children = (
				A0C30D331757455F00CEB819 /* cater-Info.plist */,
				A0C30D341757455F00CEB819 /* InfoPlist.strings */,
				A0C30D371757455F00CEB819 /* main.m */,
				A0C30D391757455F00CEB819 /* cater-Prefix.pch */,
				A0C30D3D1757455F00CEB819 /* Default.png */,
				A0C30D3F1757455F00CEB819 /* Default@2x.png */,
				A0C30D411757455F00CEB819 /* Default-568h@2x.png */,
			);
			name = "Supporting Files";
			sourceTree = "<group>";
		};
/* End PBXGroup section */

/* Begin PBXNativeTarget section */
		A0C30D261757455F00CEB819 /* cater */ = {
			isa = PBXNativeTarget;
			buildConfigurationList = A0C30D4B1757455F00CEB819 /* Build configuration list for PBXNativeTarget "cater" */;
			buildPhases = (
				A0C30D231757455F00CEB819 /* Sources */,
				A0C30D241757455F00CEB819 /* Frameworks */,
				A0C30D251757455F00CEB819 /* Resources */,
			);
			buildRules = (
			);
			dependencies = (
			);
			name = cater;
			productName = cater;
			productReference = A0C30D271757455F00CEB819 /* cater.app */;
			productType = "com.apple.product-type.application";
		};
/* End PBXNativeTarget section */

/* Begin PBXProject section */
		A0C30D1E1757455F00CEB819 /* Project object */ = {
			isa = PBXProject;
			attributes = {
				LastUpgradeCheck = 0450;
				ORGANIZATIONNAME = jnc;
			};
			buildConfigurationList = A0C30D211757455F00CEB819 /* Build configuration list for PBXProject "cater" */;
			compatibilityVersion = "Xcode 3.2";
			developmentRegion = English;
			hasScannedForEncodings = 0;
			knownRegions = (
				en,
			);
			mainGroup = A0C30D1C1757455F00CEB819;
			productRefGroup = A0C30D281757455F00CEB819 /* Products */;
			projectDirPath = "";
			projectRoot = "";
			targets = (
				A0C30D261757455F00CEB819 /* cater */,
			);
		};
/* End PBXProject section */

/* Begin PBXResourcesBuildPhase section */
		A0C30D251757455F00CEB819 /* Resources */ = {
			isa = PBXResourcesBuildPhase;
			buildActionMask = 2147483647;
			files = (
				A0C30D361757455F00CEB819 /* InfoPlist.strings in Resources */,
				A0C30D3E1757455F00CEB819 /* Default.png in Resources */,
				A0C30D401757455F00CEB819 /* Default@2x.png in Resources */,
				A0C30D421757455F00CEB819 /* Default-568h@2x.png in Resources */,
				A0C30D481757455F00CEB819 /* ViewController.xib in Resources */,
			);
			runOnlyForDeploymentPostprocessing = 0;
		};
/* End PBXResourcesBuildPhase section */

/* Begin PBXSourcesBuildPhase section */
		A0C30D231757455F00CEB819 /* Sources */ = {
			isa = PBXSourcesBuildPhase;
			buildActionMask = 2147483647;
			files = (
				A0C30D381757455F00CEB819 /* main.m in Sources */,
				A0C30D3C1757455F00CEB819 /* AppDelegate.m in Sources */,
				A0C30D451757455F00CEB819 /* ViewController.m in Sources */,
			);
			runOnlyForDeploymentPostprocessing = 0;
		};
/* End PBXSourcesBuildPhase section */

/* Begin PBXVariantGroup section */
		A0C30D341757455F00CEB819 /* InfoPlist.strings */ = {
			isa = PBXVariantGroup;
			children = (
				A0C30D351757455F00CEB819 /* en */,
			);
			name = InfoPlist.strings;
			sourceTree = "<group>";
		};
		A0C30D461757455F00CEB819 /* ViewController.xib */ = {
			isa = PBXVariantGroup;
			children = (
				A0C30D471757455F00CEB819 /* en */,
			);
			name = ViewController.xib;
			sourceTree = "<group>";
		};
/* End PBXVariantGroup section */

/* Begin XCBuildConfiguration section */
		A0C30D491757455F00CEB819 /* Debug */ = {
			isa = XCBuildConfiguration;
			buildSettings = {
				ALWAYS_SEARCH_USER_PATHS = NO;
				CLANG_CXX_LANGUAGE_STANDARD = "gnu++0x";
				CLANG_CXX_LIBRARY = "libc++";
				CLANG_WARN_EMPTY_BODY = YES;
				CLANG_WARN__DUPLICATE_METHOD_MATCH = YES;
				"CODE_SIGN_IDENTITY[sdk=iphoneos*]" = "iPhone Developer";
				COPY_PHASE_STRIP = NO;
				GCC_C_LANGUAGE_STANDARD = gnu99;
				GCC_DYNAMIC_NO_PIC = NO;
				GCC_OPTIMIZATION_LEVEL = 0;
				GCC_PREPROCESSOR_DEFINITIONS = (
					"DEBUG=1",
					"$(inherited)",
				);
				GCC_SYMBOLS_PRIVATE_EXTERN = NO;
				GCC_WARN_ABOUT_RETURN_TYPE = YES;
				GCC_WARN_UNINITIALIZED_AUTOS = YES;
				GCC_WARN_UNUSED_VARIABLE = YES;
				IPHONEOS_DEPLOYMENT_TARGET = 6.0;
				SDKROOT = iphoneos;
			};
			name = Debug;
		};
		A0C30D4A1757455F00CEB819 /* Release */ = {
			isa = XCBuildConfiguration;
			buildSettings = {
				ALWAYS_SEARCH_USER_PATHS = NO;
				CLANG_CXX_LANGUAGE_STANDARD = "gnu++0x";
				CLANG_CXX_LIBRARY = "libc++";
				CLANG_WARN_EMPTY_BODY = YES;
				CLANG_WARN__DUPLICATE_METHOD_MATCH = YES;
				"CODE_SIGN_IDENTITY[sdk=iphoneos*]" = "iPhone Developer";
				COPY_PHASE_STRIP = YES;
				GCC_C_LANGUAGE_STANDARD = gnu99;
				GCC_WARN_ABOUT_RETURN_TYPE = YES;
				GCC_WARN_UNINITIALIZED_AUTOS = YES;
				GCC_WARN_UNUSED_VARIABLE = YES;
				IPHONEOS_DEPLOYMENT_TARGET = 6.0;
				OTHER_CFLAGS = "-DNS_BLOCK_ASSERTIONS=1";
				SDKROOT = iphoneos;
				VALIDATE_PRODUCT = YES;
			};
			name = Release;
		};
		A0C30D4C1757455F00CEB819 /* Debug */ = {
			isa = XCBuildConfiguration;
			buildSettings = {
				GCC_PRECOMPILE_PREFIX_HEADER = YES;
				GCC_PREFIX_HEADER = "cater/cater-Prefix.pch";
				INFOPLIST_FILE = "cater/cater-Info.plist";
				PRODUCT_NAME = "$(TARGET_NAME)";
				WRAPPER_EXTENSION = app;
			};
			name = Debug;
		};
		A0C30D4D1757455F00CEB819 /* Release */ = {
			isa = XCBuildConfiguration;
			buildSettings = {
				GCC_PRECOMPILE_PREFIX_HEADER = YES;
				GCC_PREFIX_HEADER = "cater/cater-Prefix.pch";
				INFOPLIST_FILE = "cater/cater-Info.plist";
				PRODUCT_NAME = "$(TARGET_NAME)";
				WRAPPER_EXTENSION = app;
			};
			name = Release;
		};
/* End XCBuildConfiguration section */

/* Begin XCConfigurationList section */
		A0C30D211757455F00CEB819 /* Build configuration list for PBXProject "cater" */ = {
			isa = XCConfigurationList;
			buildConfigurations = (
				A0C30D491757455F00CEB819 /* Debug */,
				A0C30D4A1757455F00CEB819 /* Release */,
			);
			defaultConfigurationIsVisible = 0;
			defaultConfigurationName = Release;
		};
		A0C30D4B1757455F00CEB819 /* Build configuration list for PBXNativeTarget "cater" */ = {
			isa = XCConfigurationList;
			buildConfigurations = (
				A0C30D4C1757455F00CEB819 /* Debug */,
				A0C30D4D1757455F00CEB819 /* Release */,
			);
			defaultConfigurationIsVisible = 0;
		};
/* End XCConfigurationList section */
	};
	rootObject = A0C30D1E1757455F00CEB819 /* Project object */;
}
